// !$*UTF8*$!
{
	archiveVersion = 1;
	classes = {
	};
	objectVersion = 46;
	objects = {

/* Begin PBXBuildFile section */
		1D3623260D0F684500981E51 /* icyAppDelegate.m in Sources */ = {isa = PBXBuildFile; fileRef = 1D3623250D0F684500981E51 /* icyAppDelegate.m */; };
		1D60589B0D05DD56006BFB54 /* main.m in Sources */ = {isa = PBXBuildFile; fileRef = 29B97316FDCFA39411CA2CEA /* main.m */; };
		1D60589F0D05DD5A006BFB54 /* Foundation.framework in Frameworks */ = {isa = PBXBuildFile; fileRef = 1D30AB110D05D00D00671497 /* Foundation.framework */; };
		1DF5F4E00D08C38300B7A737 /* UIKit.framework in Frameworks */ = {isa = PBXBuildFile; fileRef = 1DF5F4DF0D08C38300B7A737 /* UIKit.framework */; };
		288765FD0DF74451002DB57D /* CoreGraphics.framework in Frameworks */ = {isa = PBXBuildFile; fileRef = 288765FC0DF74451002DB57D /* CoreGraphics.framework */; };
		28AD733F0D9D9553002E5188 /* MainWindow.xib in Resources */ = {isa = PBXBuildFile; fileRef = 28AD733E0D9D9553002E5188 /* MainWindow.xib */; };
		AA1B041C145DFA8900AC7BEB /* WebBrowser.m in Sources */ = {isa = PBXBuildFile; fileRef = AA1B041A145DFA8900AC7BEB /* WebBrowser.m */; };
		AA1B0424145DFB3300AC7BEB /* ComponentsList.m in Sources */ = {isa = PBXBuildFile; fileRef = AA1B0422145DFB3300AC7BEB /* ComponentsList.m */; };
		AA293E88148051C900A7D132 /* ComponentList.xib in Resources */ = {isa = PBXBuildFile; fileRef = AA293E87148051C900A7D132 /* ComponentList.xib */; };
		AA293E8C1480592B00A7D132 /* Blob.m in Sources */ = {isa = PBXBuildFile; fileRef = AA293E8A1480592B00A7D132 /* Blob.m */; };
		AA293E8D1480592B00A7D132 /* Blob.xib in Resources */ = {isa = PBXBuildFile; fileRef = AA293E8B1480592B00A7D132 /* Blob.xib */; };
		AA293E9014806A5100A7D132 /* CellData.m in Sources */ = {isa = PBXBuildFile; fileRef = AA293E8F14806A5100A7D132 /* CellData.m */; };
		AA293E961480C84F00A7D132 /* Image.m in Sources */ = {isa = PBXBuildFile; fileRef = AA293E941480C84F00A7D132 /* Image.m */; };
		AA293E971480C84F00A7D132 /* Image.xib in Resources */ = {isa = PBXBuildFile; fileRef = AA293E951480C84F00A7D132 /* Image.xib */; };
		AADBA08D14651E0C00DCFB6A /* CacheMonitor.m in Sources */ = {isa = PBXBuildFile; fileRef = AADBA08C14651E0C00DCFB6A /* CacheMonitor.m */; };
		AADBA1C51465EFB900DCFB6A /* ComponentDetails.m in Sources */ = {isa = PBXBuildFile; fileRef = AADBA1C31465EFB900DCFB6A /* ComponentDetails.m */; };
		AADBA1C61465EFB900DCFB6A /* ComponentDetails.xib in Resources */ = {isa = PBXBuildFile; fileRef = AADBA1C41465EFB900DCFB6A /* ComponentDetails.xib */; };
		AADBA2EE1466683300DCFB6A /* Component.m in Sources */ = {isa = PBXBuildFile; fileRef = AADBA2ED1466683300DCFB6A /* Component.m */; };
		AADBA48D146734A800DCFB6A /* icon-css.png in Resources */ = {isa = PBXBuildFile; fileRef = AADBA489146734A800DCFB6A /* icon-css.png */; };
		AADBA48E146734A800DCFB6A /* icon-html.png in Resources */ = {isa = PBXBuildFile; fileRef = AADBA48A146734A800DCFB6A /* icon-html.png */; };
		AADBA48F146734A800DCFB6A /* icon-js.png in Resources */ = {isa = PBXBuildFile; fileRef = AADBA48B146734A800DCFB6A /* icon-js.png */; };
		AADBA490146734A800DCFB6A /* icon-whatever.png in Resources */ = {isa = PBXBuildFile; fileRef = AADBA48C146734A800DCFB6A /* icon-whatever.png */; };
/* End PBXBuildFile section */

/* Begin PBXFileReference section */
		1D30AB110D05D00D00671497 /* Foundation.framework */ = {isa = PBXFileReference; lastKnownFileType = wrapper.framework; name = Foundation.framework; path = System/Library/Frameworks/Foundation.framework; sourceTree = SDKROOT; };
		1D3623240D0F684500981E51 /* icyAppDelegate.h */ = {isa = PBXFileReference; fileEncoding = 4; lastKnownFileType = sourcecode.c.h; path = icyAppDelegate.h; sourceTree = "<group>"; };
		1D3623250D0F684500981E51 /* icyAppDelegate.m */ = {isa = PBXFileReference; fileEncoding = 4; lastKnownFileType = sourcecode.c.objc; path = icyAppDelegate.m; sourceTree = "<group>"; };
		1D6058910D05DD3D006BFB54 /* icy.app */ = {isa = PBXFileReference; explicitFileType = wrapper.application; includeInIndex = 0; path = icy.app; sourceTree = BUILT_PRODUCTS_DIR; };
		1DF5F4DF0D08C38300B7A737 /* UIKit.framework */ = {isa = PBXFileReference; lastKnownFileType = wrapper.framework; name = UIKit.framework; path = System/Library/Frameworks/UIKit.framework; sourceTree = SDKROOT; };
		288765FC0DF74451002DB57D /* CoreGraphics.framework */ = {isa = PBXFileReference; lastKnownFileType = wrapper.framework; name = CoreGraphics.framework; path = System/Library/Frameworks/CoreGraphics.framework; sourceTree = SDKROOT; };
		28AD733E0D9D9553002E5188 /* MainWindow.xib */ = {isa = PBXFileReference; lastKnownFileType = file.xib; path = MainWindow.xib; sourceTree = "<group>"; };
		29B97316FDCFA39411CA2CEA /* main.m */ = {isa = PBXFileReference; fileEncoding = 4; lastKnownFileType = sourcecode.c.objc; path = main.m; sourceTree = "<group>"; };
		32CA4F630368D1EE00C91783 /* icy_Prefix.pch */ = {isa = PBXFileReference; fileEncoding = 4; lastKnownFileType = sourcecode.c.h; path = icy_Prefix.pch; sourceTree = "<group>"; };
		8D1107310486CEB800E47090 /* icy-Info.plist */ = {isa = PBXFileReference; fileEncoding = 4; lastKnownFileType = text.plist.xml; path = "icy-Info.plist"; plistStructureDefinitionIdentifier = "com.apple.xcode.plist.structure-definition.iphone.info-plist"; sourceTree = "<group>"; };
		AA1B0419145DFA8900AC7BEB /* WebBrowser.h */ = {isa = PBXFileReference; fileEncoding = 4; lastKnownFileType = sourcecode.c.h; path = WebBrowser.h; sourceTree = "<group>"; };
		AA1B041A145DFA8900AC7BEB /* WebBrowser.m */ = {isa = PBXFileReference; fileEncoding = 4; lastKnownFileType = sourcecode.c.objc; path = WebBrowser.m; sourceTree = "<group>"; };
		AA1B0421145DFB3300AC7BEB /* ComponentsList.h */ = {isa = PBXFileReference; fileEncoding = 4; lastKnownFileType = sourcecode.c.h; path = ComponentsList.h; sourceTree = "<group>"; };
		AA1B0422145DFB3300AC7BEB /* ComponentsList.m */ = {isa = PBXFileReference; fileEncoding = 4; lastKnownFileType = sourcecode.c.objc; path = ComponentsList.m; sourceTree = "<group>"; };
		AA293E87148051C900A7D132 /* ComponentList.xib */ = {isa = PBXFileReference; fileEncoding = 4; lastKnownFileType = file.xib; name = ComponentList.xib; path = Classes/ComponentList.xib; sourceTree = "<group>"; };
		AA293E891480592A00A7D132 /* Blob.h */ = {isa = PBXFileReference; fileEncoding = 4; lastKnownFileType = sourcecode.c.h; path = Blob.h; sourceTree = "<group>"; };
		AA293E8A1480592B00A7D132 /* Blob.m */ = {isa = PBXFileReference; fileEncoding = 4; lastKnownFileType = sourcecode.c.objc; path = Blob.m; sourceTree = "<group>"; };
		AA293E8B1480592B00A7D132 /* Blob.xib */ = {isa = PBXFileReference; fileEncoding = 4; lastKnownFileType = file.xib; name = Blob.xib; path = Classes/Blob.xib; sourceTree = "<group>"; };
		AA293E8E14806A5000A7D132 /* CellData.h */ = {isa = PBXFileReference; fileEncoding = 4; lastKnownFileType = sourcecode.c.h; path = CellData.h; sourceTree = "<group>"; };
		AA293E8F14806A5100A7D132 /* CellData.m */ = {isa = PBXFileReference; fileEncoding = 4; lastKnownFileType = sourcecode.c.objc; path = CellData.m; sourceTree = "<group>"; };
		AA293E931480C84F00A7D132 /* Image.h */ = {isa = PBXFileReference; fileEncoding = 4; lastKnownFileType = sourcecode.c.h; path = Image.h; sourceTree = "<group>"; };
		AA293E941480C84F00A7D132 /* Image.m */ = {isa = PBXFileReference; fileEncoding = 4; lastKnownFileType = sourcecode.c.objc; path = Image.m; sourceTree = "<group>"; };
		AA293E951480C84F00A7D132 /* Image.xib */ = {isa = PBXFileReference; fileEncoding = 4; lastKnownFileType = file.xib; name = Image.xib; path = Classes/Image.xib; sourceTree = "<group>"; };
		AADBA08B14651E0C00DCFB6A /* CacheMonitor.h */ = {isa = PBXFileReference; fileEncoding = 4; lastKnownFileType = sourcecode.c.h; path = CacheMonitor.h; sourceTree = "<group>"; };
		AADBA08C14651E0C00DCFB6A /* CacheMonitor.m */ = {isa = PBXFileReference; fileEncoding = 4; lastKnownFileType = sourcecode.c.objc; path = CacheMonitor.m; sourceTree = "<group>"; };
		AADBA1C21465EFB800DCFB6A /* ComponentDetails.h */ = {isa = PBXFileReference; fileEncoding = 4; lastKnownFileType = sourcecode.c.h; path = ComponentDetails.h; sourceTree = "<group>"; };
		AADBA1C31465EFB900DCFB6A /* ComponentDetails.m */ = {isa = PBXFileReference; fileEncoding = 4; lastKnownFileType = sourcecode.c.objc; path = ComponentDetails.m; sourceTree = "<group>"; };
		AADBA1C41465EFB900DCFB6A /* ComponentDetails.xib */ = {isa = PBXFileReference; lastKnownFileType = file.xib; name = ComponentDetails.xib; path = Classes/ComponentDetails.xib; sourceTree = "<group>"; };
		AADBA2EC1466683300DCFB6A /* Component.h */ = {isa = PBXFileReference; fileEncoding = 4; lastKnownFileType = sourcecode.c.h; path = Component.h; sourceTree = "<group>"; };
		AADBA2ED1466683300DCFB6A /* Component.m */ = {isa = PBXFileReference; fileEncoding = 4; lastKnownFileType = sourcecode.c.objc; path = Component.m; sourceTree = "<group>"; };
		AADBA489146734A800DCFB6A /* icon-css.png */ = {isa = PBXFileReference; lastKnownFileType = image.png; path = "icon-css.png"; sourceTree = "<group>"; };
		AADBA48A146734A800DCFB6A /* icon-html.png */ = {isa = PBXFileReference; lastKnownFileType = image.png; path = "icon-html.png"; sourceTree = "<group>"; };
		AADBA48B146734A800DCFB6A /* icon-js.png */ = {isa = PBXFileReference; lastKnownFileType = image.png; path = "icon-js.png"; sourceTree = "<group>"; };
		AADBA48C146734A800DCFB6A /* icon-whatever.png */ = {isa = PBXFileReference; lastKnownFileType = image.png; path = "icon-whatever.png"; sourceTree = "<group>"; };
/* End PBXFileReference section */

/* Begin PBXFrameworksBuildPhase section */
		1D60588F0D05DD3D006BFB54 /* Frameworks */ = {
			isa = PBXFrameworksBuildPhase;
			buildActionMask = 2147483647;
			files = (
				1D60589F0D05DD5A006BFB54 /* Foundation.framework in Frameworks */,
				1DF5F4E00D08C38300B7A737 /* UIKit.framework in Frameworks */,
				288765FD0DF74451002DB57D /* CoreGraphics.framework in Frameworks */,
			);
			runOnlyForDeploymentPostprocessing = 0;
		};
/* End PBXFrameworksBuildPhase section */

/* Begin PBXGroup section */
		080E96DDFE201D6D7F000001 /* Classes */ = {
			isa = PBXGroup;
			children = (
				AADBA08B14651E0C00DCFB6A /* CacheMonitor.h */,
				AADBA08C14651E0C00DCFB6A /* CacheMonitor.m */,
				AADBA2EC1466683300DCFB6A /* Component.h */,
				AADBA2ED1466683300DCFB6A /* Component.m */,
				AA293E8E14806A5000A7D132 /* CellData.h */,
				AA293E8F14806A5100A7D132 /* CellData.m */,
				1D3623240D0F684500981E51 /* icyAppDelegate.h */,
				1D3623250D0F684500981E51 /* icyAppDelegate.m */,
				AA1B0419145DFA8900AC7BEB /* WebBrowser.h */,
				AA1B041A145DFA8900AC7BEB /* WebBrowser.m */,
				AA1B0421145DFB3300AC7BEB /* ComponentsList.h */,
				AA1B0422145DFB3300AC7BEB /* ComponentsList.m */,
				AADBA1C21465EFB800DCFB6A /* ComponentDetails.h */,
				AADBA1C31465EFB900DCFB6A /* ComponentDetails.m */,
				AA293E891480592A00A7D132 /* Blob.h */,
				AA293E8A1480592B00A7D132 /* Blob.m */,
				AA293E931480C84F00A7D132 /* Image.h */,
				AA293E941480C84F00A7D132 /* Image.m */,
			);
			path = Classes;
			sourceTree = "<group>";
		};
		19C28FACFE9D520D11CA2CBB /* Products */ = {
			isa = PBXGroup;
			children = (
				1D6058910D05DD3D006BFB54 /* icy.app */,
			);
			name = Products;
			sourceTree = "<group>";
		};
		29B97314FDCFA39411CA2CEA /* CustomTemplate */ = {
			isa = PBXGroup;
			children = (
				080E96DDFE201D6D7F000001 /* Classes */,
				29B97315FDCFA39411CA2CEA /* Other Sources */,
				29B97317FDCFA39411CA2CEA /* Resources */,
				29B97323FDCFA39411CA2CEA /* Frameworks */,
				19C28FACFE9D520D11CA2CBB /* Products */,
			);
			name = CustomTemplate;
			sourceTree = "<group>";
		};
		29B97315FDCFA39411CA2CEA /* Other Sources */ = {
			isa = PBXGroup;
			children = (
				32CA4F630368D1EE00C91783 /* icy_Prefix.pch */,
				29B97316FDCFA39411CA2CEA /* main.m */,
			);
			name = "Other Sources";
			sourceTree = "<group>";
		};
		29B97317FDCFA39411CA2CEA /* Resources */ = {
			isa = PBXGroup;
			children = (
				AADBA488146734A800DCFB6A /* icons */,
				AADBA1C41465EFB900DCFB6A /* ComponentDetails.xib */,
				AA293E87148051C900A7D132 /* ComponentList.xib */,
				AA293E8B1480592B00A7D132 /* Blob.xib */,
				AA293E951480C84F00A7D132 /* Image.xib */,
				28AD733E0D9D9553002E5188 /* MainWindow.xib */,
				8D1107310486CEB800E47090 /* icy-Info.plist */,
			);
			name = Resources;
			sourceTree = "<group>";
		};
		29B97323FDCFA39411CA2CEA /* Frameworks */ = {
			isa = PBXGroup;
			children = (
				1DF5F4DF0D08C38300B7A737 /* UIKit.framework */,
				1D30AB110D05D00D00671497 /* Foundation.framework */,
				288765FC0DF74451002DB57D /* CoreGraphics.framework */,
			);
			name = Frameworks;
			sourceTree = "<group>";
		};
		AADBA488146734A800DCFB6A /* icons */ = {
			isa = PBXGroup;
			children = (
				AADBA489146734A800DCFB6A /* icon-css.png */,
				AADBA48A146734A800DCFB6A /* icon-html.png */,
				AADBA48B146734A800DCFB6A /* icon-js.png */,
				AADBA48C146734A800DCFB6A /* icon-whatever.png */,
			);
			path = icons;
			sourceTree = "<group>";
		};
/* End PBXGroup section */

/* Begin PBXNativeTarget section */
		1D6058900D05DD3D006BFB54 /* icy */ = {
			isa = PBXNativeTarget;
			buildConfigurationList = 1D6058960D05DD3E006BFB54 /* Build configuration list for PBXNativeTarget "icy" */;
			buildPhases = (
				1D60588D0D05DD3D006BFB54 /* Resources */,
				1D60588E0D05DD3D006BFB54 /* Sources */,
				1D60588F0D05DD3D006BFB54 /* Frameworks */,
			);
			buildRules = (
			);
			dependencies = (
			);
			name = icy;
			productName = icy;
			productReference = 1D6058910D05DD3D006BFB54 /* icy.app */;
			productType = "com.apple.product-type.application";
		};
/* End PBXNativeTarget section */

/* Begin PBXProject section */
		29B97313FDCFA39411CA2CEA /* Project object */ = {
			isa = PBXProject;
			attributes = {
				LastUpgradeCheck = 0420;
			};
			buildConfigurationList = C01FCF4E08A954540054247B /* Build configuration list for PBXProject "icy" */;
			compatibilityVersion = "Xcode 3.2";
			developmentRegion = English;
			hasScannedForEncodings = 1;
			knownRegions = (
				English,
				Japanese,
				French,
				German,
			);
			mainGroup = 29B97314FDCFA39411CA2CEA /* CustomTemplate */;
			projectDirPath = "";
			projectRoot = "";
			targets = (
				1D6058900D05DD3D006BFB54 /* icy */,
			);
		};
/* End PBXProject section */

/* Begin PBXResourcesBuildPhase section */
		1D60588D0D05DD3D006BFB54 /* Resources */ = {
			isa = PBXResourcesBuildPhase;
			buildActionMask = 2147483647;
			files = (
				28AD733F0D9D9553002E5188 /* MainWindow.xib in Resources */,
				AADBA1C61465EFB900DCFB6A /* ComponentDetails.xib in Resources */,
				AADBA48D146734A800DCFB6A /* icon-css.png in Resources */,
				AADBA48E146734A800DCFB6A /* icon-html.png in Resources */,
				AADBA48F146734A800DCFB6A /* icon-js.png in Resources */,
				AADBA490146734A800DCFB6A /* icon-whatever.png in Resources */,
				AA293E88148051C900A7D132 /* ComponentList.xib in Resources */,
				AA293E8D1480592B00A7D132 /* Blob.xib in Resources */,
				AA293E971480C84F00A7D132 /* Image.xib in Resources */,
			);
			runOnlyForDeploymentPostprocessing = 0;
		};
/* End PBXResourcesBuildPhase section */

/* Begin PBXSourcesBuildPhase section */
		1D60588E0D05DD3D006BFB54 /* Sources */ = {
			isa = PBXSourcesBuildPhase;
			buildActionMask = 2147483647;
			files = (
				1D60589B0D05DD56006BFB54 /* main.m in Sources */,
				1D3623260D0F684500981E51 /* icyAppDelegate.m in Sources */,
				AA1B041C145DFA8900AC7BEB /* WebBrowser.m in Sources */,
				AA1B0424145DFB3300AC7BEB /* ComponentsList.m in Sources */,
				AADBA08D14651E0C00DCFB6A /* CacheMonitor.m in Sources */,
				AADBA1C51465EFB900DCFB6A /* ComponentDetails.m in Sources */,
				AADBA2EE1466683300DCFB6A /* Component.m in Sources */,
				AA293E8C1480592B00A7D132 /* Blob.m in Sources */,
				AA293E9014806A5100A7D132 /* CellData.m in Sources */,
				AA293E961480C84F00A7D132 /* Image.m in Sources */,
			);
			runOnlyForDeploymentPostprocessing = 0;
		};
/* End PBXSourcesBuildPhase section */

/* Begin XCBuildConfiguration section */
		1D6058940D05DD3E006BFB54 /* Debug */ = {
			isa = XCBuildConfiguration;
			buildSettings = {
				ALWAYS_SEARCH_USER_PATHS = NO;
				COPY_PHASE_STRIP = NO;
				GCC_DYNAMIC_NO_PIC = NO;
				GCC_OPTIMIZATION_LEVEL = 0;
				GCC_PRECOMPILE_PREFIX_HEADER = YES;
				GCC_PREFIX_HEADER = icy_Prefix.pch;
				INFOPLIST_FILE = "icy-Info.plist";
				PRODUCT_NAME = icy;
			};
			name = Debug;
		};
		1D6058950D05DD3E006BFB54 /* Release */ = {
			isa = XCBuildConfiguration;
			buildSettings = {
				ALWAYS_SEARCH_USER_PATHS = NO;
				COPY_PHASE_STRIP = YES;
				GCC_PRECOMPILE_PREFIX_HEADER = YES;
				GCC_PREFIX_HEADER = icy_Prefix.pch;
				INFOPLIST_FILE = "icy-Info.plist";
				PRODUCT_NAME = icy;
				VALIDATE_PRODUCT = YES;
			};
			name = Release;
		};
		C01FCF4F08A954540054247B /* Debug */ = {
			isa = XCBuildConfiguration;
			buildSettings = {
				ARCHS = "$(ARCHS_STANDARD_32_BIT)";
				"CODE_SIGN_IDENTITY[sdk=iphoneos*]" = "iPhone Developer";
				GCC_C_LANGUAGE_STANDARD = c99;
				GCC_WARN_ABOUT_RETURN_TYPE = YES;
				GCC_WARN_UNUSED_VARIABLE = YES;
				IPHONEOS_DEPLOYMENT_TARGET = 5.0;
				SDKROOT = iphoneos;
			};
			name = Debug;
		};
		C01FCF5008A954540054247B /* Release */ = {
			isa = XCBuildConfiguration;
			buildSettings = {
				ARCHS = "$(ARCHS_STANDARD_32_BIT)";
				"CODE_SIGN_IDENTITY[sdk=iphoneos*]" = "iPhone Developer";
				GCC_C_LANGUAGE_STANDARD = c99;
				GCC_WARN_ABOUT_RETURN_TYPE = YES;
				GCC_WARN_UNUSED_VARIABLE = YES;
				IPHONEOS_DEPLOYMENT_TARGET = 5.0;
				OTHER_CFLAGS = "-DNS_BLOCK_ASSERTIONS=1";
				SDKROOT = iphoneos;
			};
			name = Release;
		};
/* End XCBuildConfiguration section */

/* Begin XCConfigurationList section */
		1D6058960D05DD3E006BFB54 /* Build configuration list for PBXNativeTarget "icy" */ = {
			isa = XCConfigurationList;
			buildConfigurations = (
				1D6058940D05DD3E006BFB54 /* Debug */,
				1D6058950D05DD3E006BFB54 /* Release */,
			);
			defaultConfigurationIsVisible = 0;
			defaultConfigurationName = Release;
		};
		C01FCF4E08A954540054247B /* Build configuration list for PBXProject "icy" */ = {
			isa = XCConfigurationList;
			buildConfigurations = (
				C01FCF4F08A954540054247B /* Debug */,
				C01FCF5008A954540054247B /* Release */,
			);
			defaultConfigurationIsVisible = 0;
			defaultConfigurationName = Release;
		};
/* End XCConfigurationList section */
	};
	rootObject = 29B97313FDCFA39411CA2CEA /* Project object */;
}
